
Microsoft Visual Studio Solution File, Format Version 12.00
# Visual Studio Version 17
VisualStudioVersion = 17.3.32811.315
MinimumVisualStudioVersion = 10.0.40219.1
Project("{FAE04EC0-301F-11D3-BF4B-00C04F79EFBC}") = "Inlämning5_5", "Inlämning5_5\Inlämning5_5.csproj", "{E1EDEA17-462B-492B-AD98-10EB1F8AB120}"
EndProject
Global
	GlobalSection(SolutionConfigurationPlatforms) = preSolution
		Debug|Any CPU = Debug|Any CPU
		Release|Any CPU = Release|Any CPU
	EndGlobalSection
	GlobalSection(ProjectConfigurationPlatforms) = postSolution
		{E1EDEA17-462B-492B-AD98-10EB1F8AB120}.Debug|Any CPU.ActiveCfg = Debug|Any CPU
		{E1EDEA17-462B-492B-AD98-10EB1F8AB120}.Debug|Any CPU.Build.0 = Debug|Any CPU
		{E1EDEA17-462B-492B-AD98-10EB1F8AB120}.Release|Any CPU.ActiveCfg = Release|Any CPU
		{E1EDEA17-462B-492B-AD98-10EB1F8AB120}.Release|Any CPU.Build.0 = Release|Any CPU
	EndGlobalSection
	GlobalSection(SolutionProperties) = preSolution
		HideSolutionNode = FALSE
	EndGlobalSection
	GlobalSection(ExtensibilityGlobals) = postSolution
		SolutionGuid = {DAC4F552-2E0C-46EC-8E4F-72C94B42EF6F}
	EndGlobalSection
EndGlobal
